{
  "name": "@aserto/aserto-react",
  "version": "0.1.2",
  "lockfileVersion": 1,
  "requires": true,
  "dependencies": {
    "@aserto/aserto-spa-js": {
      "version": "0.1.1",
      "resolved": "https://registry.npmjs.org/@aserto/aserto-spa-js/-/aserto-spa-js-0.1.1.tgz",
      "integrity": "sha512-sgST7HfWR0MXPt4jFer0HPVETo3oYLeHbAU/bUvjxQaDGqkyBLzKyqruWMcwSCEv2otV6wcwjzIiiPtrwcjkgg=="
    }
  }
}
